
Microsoft Visual Studio Solution File, Format Version 12.00
# Visual Studio Version 17
VisualStudioVersion = 17.4.33403.182
MinimumVisualStudioVersion = 10.0.40219.1
Project("{8BC9CEB8-8B4A-11D0-8D11-00A0C91BC942}") = "Menu2", "Menu2\Menu2.vcxproj", "{F60BB214-E01F-4E4A-93F5-F78D3D3FF308}"
EndProject
Global
	GlobalSection(SolutionConfigurationPlatforms) = preSolution
		Debug|x64 = Debug|x64
		Debug|x86 = Debug|x86
		Release|x64 = Release|x64
		Release|x86 = Release|x86
	EndGlobalSection
	GlobalSection(ProjectConfigurationPlatforms) = postSolution
		{F60BB214-E01F-4E4A-93F5-F78D3D3FF308}.Debug|x64.ActiveCfg = Debug|x64
		{F60BB214-E01F-4E4A-93F5-F78D3D3FF308}.Debug|x64.Build.0 = Debug|x64
		{F60BB214-E01F-4E4A-93F5-F78D3D3FF308}.Debug|x86.ActiveCfg = Debug|Win32
		{F60BB214-E01F-4E4A-93F5-F78D3D3FF308}.Debug|x86.Build.0 = Debug|Win32
		{F60BB214-E01F-4E4A-93F5-F78D3D3FF308}.Release|x64.ActiveCfg = Release|x64
		{F60BB214-E01F-4E4A-93F5-F78D3D3FF308}.Release|x64.Build.0 = Release|x64
		{F60BB214-E01F-4E4A-93F5-F78D3D3FF308}.Release|x86.ActiveCfg = Release|Win32
		{F60BB214-E01F-4E4A-93F5-F78D3D3FF308}.Release|x86.Build.0 = Release|Win32
	EndGlobalSection
	GlobalSection(SolutionProperties) = preSolution
		HideSolutionNode = FALSE
	EndGlobalSection
	GlobalSection(ExtensibilityGlobals) = postSolution
		SolutionGuid = {4207DE74-FD88-4CF6-9BA6-F9892770CAFC}
	EndGlobalSection
EndGlobal
